
Microsoft Visual Studio Solution File, Format Version 12.00
# Visual Studio Version 17
VisualStudioVersion = 17.7.34202.233
MinimumVisualStudioVersion = 10.0.40219.1
Project("{FAE04EC0-301F-11D3-BF4B-00C04F79EFBC}") = "recipe", "recipe.csproj", "{CD0C71FB-7863-4E0E-9E52-C5C25AE6BC4D}"
EndProject
Global
	GlobalSection(SolutionConfigurationPlatforms) = preSolution
		Debug|Any CPU = Debug|Any CPU
		Release|Any CPU = Release|Any CPU
	EndGlobalSection
	GlobalSection(ProjectConfigurationPlatforms) = postSolution
		{CD0C71FB-7863-4E0E-9E52-C5C25AE6BC4D}.Debug|Any CPU.ActiveCfg = Debug|Any CPU
		{CD0C71FB-7863-4E0E-9E52-C5C25AE6BC4D}.Debug|Any CPU.Build.0 = Debug|Any CPU
		{CD0C71FB-7863-4E0E-9E52-C5C25AE6BC4D}.Release|Any CPU.ActiveCfg = Release|Any CPU
		{CD0C71FB-7863-4E0E-9E52-C5C25AE6BC4D}.Release|Any CPU.Build.0 = Release|Any CPU
	EndGlobalSection
	GlobalSection(SolutionProperties) = preSolution
		HideSolutionNode = FALSE
	EndGlobalSection
	GlobalSection(ExtensibilityGlobals) = postSolution
		SolutionGuid = {6935ECD4-FE2C-4759-AA10-16060B0BAA61}
	EndGlobalSection
EndGlobal
